
Microsoft Visual Studio Solution File, Format Version 12.00
# Visual Studio Version 17
VisualStudioVersion = 17.8.34330.188
MinimumVisualStudioVersion = 10.0.40219.1
Project("{FAE04EC0-301F-11D3-BF4B-00C04F79EFBC}") = "BestStore", "BestStore.csproj", "{919B9448-5E2E-4192-8468-AB669561A2F1}"
EndProject
Global
	GlobalSection(SolutionConfigurationPlatforms) = preSolution
		Debug|Any CPU = Debug|Any CPU
		Release|Any CPU = Release|Any CPU
	EndGlobalSection
	GlobalSection(ProjectConfigurationPlatforms) = postSolution
		{919B9448-5E2E-4192-8468-AB669561A2F1}.Debug|Any CPU.ActiveCfg = Debug|Any CPU
		{919B9448-5E2E-4192-8468-AB669561A2F1}.Debug|Any CPU.Build.0 = Debug|Any CPU
		{919B9448-5E2E-4192-8468-AB669561A2F1}.Release|Any CPU.ActiveCfg = Release|Any CPU
		{919B9448-5E2E-4192-8468-AB669561A2F1}.Release|Any CPU.Build.0 = Release|Any CPU
	EndGlobalSection
	GlobalSection(SolutionProperties) = preSolution
		HideSolutionNode = FALSE
	EndGlobalSection
	GlobalSection(ExtensibilityGlobals) = postSolution
		SolutionGuid = {329CFAF3-03D3-4289-9461-F7D51A3F0D13}
	EndGlobalSection
EndGlobal
